
Microsoft Visual Studio Solution File, Format Version 12.00
# Visual Studio Version 17
VisualStudioVersion = 17.7.34031.279
MinimumVisualStudioVersion = 10.0.40219.1
Project("{FAE04EC0-301F-11D3-BF4B-00C04F79EFBC}") = "batchdownloader", "batchdownloader\batchdownloader.csproj", "{2BA7AD70-E835-442F-B5A7-572B27C6074D}"
EndProject
Global
	GlobalSection(SolutionConfigurationPlatforms) = preSolution
		Debug|Any CPU = Debug|Any CPU
		Release|Any CPU = Release|Any CPU
	EndGlobalSection
	GlobalSection(ProjectConfigurationPlatforms) = postSolution
		{2BA7AD70-E835-442F-B5A7-572B27C6074D}.Debug|Any CPU.ActiveCfg = Debug|Any CPU
		{2BA7AD70-E835-442F-B5A7-572B27C6074D}.Debug|Any CPU.Build.0 = Debug|Any CPU
		{2BA7AD70-E835-442F-B5A7-572B27C6074D}.Release|Any CPU.ActiveCfg = Release|Any CPU
		{2BA7AD70-E835-442F-B5A7-572B27C6074D}.Release|Any CPU.Build.0 = Release|Any CPU
	EndGlobalSection
	GlobalSection(SolutionProperties) = preSolution
		HideSolutionNode = FALSE
	EndGlobalSection
	GlobalSection(ExtensibilityGlobals) = postSolution
		SolutionGuid = {E0BB5110-57E6-4A23-B4C9-A3AF4AD61925}
	EndGlobalSection
EndGlobal
